<?xml version="1.0" encoding="utf-8"?>
<Project ToolsVersion="4.0" xmlns="http://schemas.microsoft.com/developer/msbuild/2003">
  <ItemGroup>
    <Filter Include="源文件">
      <UniqueIdentifier>{4FC737F1-C7A5-4376-A066-2A32D752A2FF}</UniqueIdentifier>
      <Extensions>cpp;c;cc;cxx;def;odl;idl;hpj;bat;asm;asmx</Extensions>
    </Filter>
    <Filter Include="头文件">
      <UniqueIdentifier>{93995380-89BD-4b04-88EB-625FBE52EBFB}</UniqueIdentifier>
      <Extensions>h;hh;hpp;hxx;hm;inl;inc;xsd</Extensions>
    </Filter>
    <Filter Include="资源文件">
      <UniqueIdentifier>{67DA6AB6-F800-4c08-8B7A-83BB121AAD01}</UniqueIdentifier>
      <Extensions>rc;ico;cur;bmp;dlg;rc2;rct;bin;rgs;gif;jpg;jpeg;jpe;resx;tiff;tif;png;wav;mfcribbon-ms</Extensions>
    </Filter>
    <Filter Include="const">
      <UniqueIdentifier>{95fad469-2b9b-4534-a706-36e4001b90e6}</UniqueIdentifier>
    </Filter>
    <Filter Include="inlineTest">
      <UniqueIdentifier>{a759c85e-282d-41b1-88df-fff668b1f4de}</UniqueIdentifier>
    </Filter>
    <Filter Include="PFunc">
      <UniqueIdentifier>{f91fb6a7-7f7a-4b2d-b7dd-1b0871eaaeae}</UniqueIdentifier>
    </Filter>
    <Filter Include="stringTest">
      <UniqueIdentifier>{8743c608-cfe2-4d48-93ef-35c9ab701494}</UniqueIdentifier>
    </Filter>
    <Filter Include="virtualclass">
      <UniqueIdentifier>{a269c915-203e-4288-abf8-c20b89f91c08}</UniqueIdentifier>
    </Filter>
  </ItemGroup>
  <ItemGroup>
    <Text Include="ReadMe.txt" />
  </ItemGroup>
  <ItemGroup>
    <ClInclude Include="TestLibDemo.h">
      <Filter>头文件</Filter>
    </ClInclude>
    <ClInclude Include="TestLibDemoDlg.h">
      <Filter>头文件</Filter>
    </ClInclude>
    <ClInclude Include="stdafx.h">
      <Filter>头文件</Filter>
    </ClInclude>
    <ClInclude Include="targetver.h">
      <Filter>头文件</Filter>
    </ClInclude>
    <ClInclude Include="Resource.h">
      <Filter>头文件</Filter>
    </ClInclude>
    <ClInclude Include="..\MyLib\MyLib.h">
      <Filter>头文件</Filter>
    </ClInclude>
    <ClInclude Include="httpclient.h">
      <Filter>头文件</Filter>
    </ClInclude>
    <ClInclude Include="..\code\virtualclass.h">
      <Filter>virtualclass</Filter>
    </ClInclude>
    <ClInclude Include="..\code\inlineTest.h">
      <Filter>inlineTest</Filter>
    </ClInclude>
    <ClInclude Include="..\code\constTest.h">
      <Filter>const</Filter>
    </ClInclude>
    <ClInclude Include="..\code\pfun.h">
      <Filter>PFunc</Filter>
    </ClInclude>
    <ClInclude Include="..\code\stringTest.h">
      <Filter>stringTest</Filter>
    </ClInclude>
  </ItemGroup>
  <ItemGroup>
    <ClCompile Include="TestLibDemo.cpp">
      <Filter>源文件</Filter>
    </ClCompile>
    <ClCompile Include="TestLibDemoDlg.cpp">
      <Filter>源文件</Filter>
    </ClCompile>
    <ClCompile Include="stdafx.cpp">
      <Filter>源文件</Filter>
    </ClCompile>
    <ClCompile Include="httpclient.cpp">
      <Filter>头文件</Filter>
    </ClCompile>
    <ClCompile Include="..\code\virtualclass.cpp">
      <Filter>virtualclass</Filter>
    </ClCompile>
    <ClCompile Include="..\code\constTest.cpp">
      <Filter>const</Filter>
    </ClCompile>
    <ClCompile Include="..\code\pfun.cpp">
      <Filter>PFunc</Filter>
    </ClCompile>
    <ClCompile Include="..\code\stringTest.cpp">
      <Filter>stringTest</Filter>
    </ClCompile>
  </ItemGroup>
  <ItemGroup>
    <ResourceCompile Include="TestLibDemo.rc">
      <Filter>资源文件</Filter>
    </ResourceCompile>
  </ItemGroup>
  <ItemGroup>
    <None Include="res\TestLibDemo.rc2">
      <Filter>资源文件</Filter>
    </None>
  </ItemGroup>
  <ItemGroup>
    <Image Include="res\TestLibDemo.ico">
      <Filter>资源文件</Filter>
    </Image>
    <Image Include="1.bmp">
      <Filter>资源文件</Filter>
    </Image>
  </ItemGroup>
</Project>