<?xml version="1.0" encoding="utf-8"?>
<Project ToolsVersion="4.0" xmlns="http://schemas.microsoft.com/developer/msbuild/2003">
  <ItemGroup>
    <Filter Include="源文件">
      <UniqueIdentifier>{4FC737F1-C7A5-4376-A066-2A32D752A2FF}</UniqueIdentifier>
      <Extensions>cpp;c;cc;cxx;def;odl;idl;hpj;bat;asm;asmx</Extensions>
    </Filter>
    <Filter Include="头文件">
      <UniqueIdentifier>{93995380-89BD-4b04-88EB-625FBE52EBFB}</UniqueIdentifier>
      <Extensions>h;hh;hpp;hxx;hm;inl;inc;xsd</Extensions>
    </Filter>
    <Filter Include="资源文件">
      <UniqueIdentifier>{67DA6AB6-F800-4c08-8B7A-83BB121AAD01}</UniqueIdentifier>
      <Extensions>rc;ico;cur;bmp;dlg;rc2;rct;bin;rgs;gif;jpg;jpeg;jpe;resx;tiff;tif;png;wav;mfcribbon-ms</Extensions>
    </Filter>
    <Filter Include="comm">
      <UniqueIdentifier>{5d22f1f1-162b-43f2-b833-13f261cd4361}</UniqueIdentifier>
    </Filter>
    <Filter Include="comm\中文转拼音">
      <UniqueIdentifier>{e9e78ea0-69bb-4b28-bb4e-adec4efe22ae}</UniqueIdentifier>
    </Filter>
    <Filter Include="comm\MD5">
      <UniqueIdentifier>{db0df151-7a72-4d88-a450-980fa5ced419}</UniqueIdentifier>
    </Filter>
    <Filter Include="comm\Base64">
      <UniqueIdentifier>{2105f2d3-2fb6-49e0-ad69-1c847d50f80c}</UniqueIdentifier>
    </Filter>
    <Filter Include="comm\PCInfo">
      <UniqueIdentifier>{592ec33d-d91f-47a8-b79d-cae0dafe580c}</UniqueIdentifier>
    </Filter>
  </ItemGroup>
  <ItemGroup>
    <ClInclude Include="stdafx.h">
      <Filter>头文件</Filter>
    </ClInclude>
    <ClInclude Include="targetver.h">
      <Filter>头文件</Filter>
    </ClInclude>
    <ClInclude Include="MyLib.h">
      <Filter>头文件</Filter>
    </ClInclude>
    <ClInclude Include="..\comm\tinyzipinterface.h">
      <Filter>comm</Filter>
    </ClInclude>
    <ClInclude Include="PCInfo.h">
      <Filter>comm\PCInfo</Filter>
    </ClInclude>
    <ClInclude Include="..\comm\MakePNG.h">
      <Filter>comm</Filter>
    </ClInclude>
    <ClInclude Include="..\comm\中文转拼音\GetPinYin.h">
      <Filter>comm\中文转拼音</Filter>
    </ClInclude>
    <ClInclude Include="..\comm\MyMD5.h">
      <Filter>comm\MD5</Filter>
    </ClInclude>
    <ClInclude Include="..\comm\Base64.h">
      <Filter>comm\Base64</Filter>
    </ClInclude>
  </ItemGroup>
  <ItemGroup>
    <ClCompile Include="stdafx.cpp">
      <Filter>源文件</Filter>
    </ClCompile>
    <ClCompile Include="MyLib.cpp">
      <Filter>源文件</Filter>
    </ClCompile>
    <ClCompile Include="PCInfo.cpp">
      <Filter>comm\PCInfo</Filter>
    </ClCompile>
    <ClCompile Include="..\comm\MakePNG.cpp">
      <Filter>comm</Filter>
    </ClCompile>
    <ClCompile Include="..\comm\中文转拼音\GetPinYin.cpp">
      <Filter>comm\中文转拼音</Filter>
    </ClCompile>
    <ClCompile Include="..\comm\MyMD5.cpp">
      <Filter>comm\MD5</Filter>
    </ClCompile>
    <ClCompile Include="..\comm\Base64.cpp">
      <Filter>comm\Base64</Filter>
    </ClCompile>
  </ItemGroup>
</Project>